
Microsoft Visual Studio Solution File, Format Version 12.00
# Visual Studio Version 17
VisualStudioVersion = 17.4.33103.184
MinimumVisualStudioVersion = 10.0.40219.1
Project("{FAE04EC0-301F-11D3-BF4B-00C04F79EFBC}") = "BookStore", "BookStore\BookStore.csproj", "{5F0D65D9-736C-4A7E-9A20-08453284B54F}"
EndProject
Global
	GlobalSection(SolutionConfigurationPlatforms) = preSolution
		Debug|Any CPU = Debug|Any CPU
		Release|Any CPU = Release|Any CPU
	EndGlobalSection
	GlobalSection(ProjectConfigurationPlatforms) = postSolution
		{5F0D65D9-736C-4A7E-9A20-08453284B54F}.Debug|Any CPU.ActiveCfg = Debug|Any CPU
		{5F0D65D9-736C-4A7E-9A20-08453284B54F}.Debug|Any CPU.Build.0 = Debug|Any CPU
		{5F0D65D9-736C-4A7E-9A20-08453284B54F}.Release|Any CPU.ActiveCfg = Release|Any CPU
		{5F0D65D9-736C-4A7E-9A20-08453284B54F}.Release|Any CPU.Build.0 = Release|Any CPU
	EndGlobalSection
	GlobalSection(SolutionProperties) = preSolution
		HideSolutionNode = FALSE
	EndGlobalSection
	GlobalSection(ExtensibilityGlobals) = postSolution
		SolutionGuid = {42833D3F-4CFD-4AC8-90C4-40E8F8B0E27D}
	EndGlobalSection
EndGlobal
